
Microsoft Visual Studio Solution File, Format Version 12.00
# Visual Studio Version 17
VisualStudioVersion = 17.9.34728.123
MinimumVisualStudioVersion = 10.0.40219.1
Project("{FAE04EC0-301F-11D3-BF4B-00C04F79EFBC}") = "PersonalFinanceLibrary", "PersonalFinanceLibrary\PersonalFinanceLibrary.csproj", "{CAAF8FF0-D82F-4F11-9FBF-884FAC6272A6}"
EndProject
Project("{FAE04EC0-301F-11D3-BF4B-00C04F79EFBC}") = "PersonalFinanceUI", "PersonalFinanceUI\PersonalFinanceUI.csproj", "{C28DB42C-867F-455D-8B35-59D3A18B4738}"
EndProject
Global
	GlobalSection(SolutionConfigurationPlatforms) = preSolution
		Debug|Any CPU = Debug|Any CPU
		Release|Any CPU = Release|Any CPU
	EndGlobalSection
	GlobalSection(ProjectConfigurationPlatforms) = postSolution
		{CAAF8FF0-D82F-4F11-9FBF-884FAC6272A6}.Debug|Any CPU.ActiveCfg = Debug|Any CPU
		{CAAF8FF0-D82F-4F11-9FBF-884FAC6272A6}.Debug|Any CPU.Build.0 = Debug|Any CPU
		{CAAF8FF0-D82F-4F11-9FBF-884FAC6272A6}.Release|Any CPU.ActiveCfg = Release|Any CPU
		{CAAF8FF0-D82F-4F11-9FBF-884FAC6272A6}.Release|Any CPU.Build.0 = Release|Any CPU
		{C28DB42C-867F-455D-8B35-59D3A18B4738}.Debug|Any CPU.ActiveCfg = Debug|Any CPU
		{C28DB42C-867F-455D-8B35-59D3A18B4738}.Debug|Any CPU.Build.0 = Debug|Any CPU
		{C28DB42C-867F-455D-8B35-59D3A18B4738}.Release|Any CPU.ActiveCfg = Release|Any CPU
		{C28DB42C-867F-455D-8B35-59D3A18B4738}.Release|Any CPU.Build.0 = Release|Any CPU
	EndGlobalSection
	GlobalSection(SolutionProperties) = preSolution
		HideSolutionNode = FALSE
	EndGlobalSection
	GlobalSection(ExtensibilityGlobals) = postSolution
		SolutionGuid = {D31AB825-5BDD-40B0-99DE-76C68C7C7052}
	EndGlobalSection
EndGlobal
